
Microsoft Visual Studio Solution File, Format Version 12.00
# Visual Studio Version 17
VisualStudioVersion = 17.3.32901.215
MinimumVisualStudioVersion = 10.0.40219.1
Project("{9A19103F-16F7-4668-BE54-9A1E7A4F7556}") = "PosterDelivery", "PosterDelivery\PosterDelivery.csproj", "{D3A99DF0-C03A-48BD-BB3E-26744A4600E9}"
EndProject
Project("{9A19103F-16F7-4668-BE54-9A1E7A4F7556}") = "PosterDelivery.Services", "PosterDelivery.Services\PosterDelivery.Services.csproj", "{AF56FCD9-2092-4D53-B589-C3035C52392C}"
EndProject
Project("{9A19103F-16F7-4668-BE54-9A1E7A4F7556}") = "PosterDelivery.Repository", "PosterDelivery.Repository\PosterDelivery.Repository.csproj", "{18DA2BE8-651F-46F4-9EF3-C6382E0A0AE8}"
EndProject
Project("{9A19103F-16F7-4668-BE54-9A1E7A4F7556}") = "PosterDelivery.Utility", "PosterDelivery.Utility\PosterDelivery.Utility.csproj", "{C20C2EE5-A7DB-4319-BC06-E45E12C52A8A}"
EndProject
Project("{2150E333-8FDC-42A3-9474-1A3956D46DE8}") = "Solution Items", "Solution Items", "{8DE2C362-0779-4F23-97D7-7AEEBCADF7D7}"
	ProjectSection(SolutionItems) = preProject
		.editorconfig = .editorconfig
		.gitignore = .gitignore
	EndProjectSection
EndProject
Global
	GlobalSection(SolutionConfigurationPlatforms) = preSolution
		Debug|Any CPU = Debug|Any CPU
		Release|Any CPU = Release|Any CPU
	EndGlobalSection
	GlobalSection(ProjectConfigurationPlatforms) = postSolution
		{D3A99DF0-C03A-48BD-BB3E-26744A4600E9}.Debug|Any CPU.ActiveCfg = Debug|Any CPU
		{D3A99DF0-C03A-48BD-BB3E-26744A4600E9}.Debug|Any CPU.Build.0 = Debug|Any CPU
		{D3A99DF0-C03A-48BD-BB3E-26744A4600E9}.Release|Any CPU.ActiveCfg = Release|Any CPU
		{D3A99DF0-C03A-48BD-BB3E-26744A4600E9}.Release|Any CPU.Build.0 = Release|Any CPU
		{AF56FCD9-2092-4D53-B589-C3035C52392C}.Debug|Any CPU.ActiveCfg = Debug|Any CPU
		{AF56FCD9-2092-4D53-B589-C3035C52392C}.Debug|Any CPU.Build.0 = Debug|Any CPU
		{AF56FCD9-2092-4D53-B589-C3035C52392C}.Release|Any CPU.ActiveCfg = Release|Any CPU
		{AF56FCD9-2092-4D53-B589-C3035C52392C}.Release|Any CPU.Build.0 = Release|Any CPU
		{18DA2BE8-651F-46F4-9EF3-C6382E0A0AE8}.Debug|Any CPU.ActiveCfg = Debug|Any CPU
		{18DA2BE8-651F-46F4-9EF3-C6382E0A0AE8}.Debug|Any CPU.Build.0 = Debug|Any CPU
		{18DA2BE8-651F-46F4-9EF3-C6382E0A0AE8}.Release|Any CPU.ActiveCfg = Release|Any CPU
		{18DA2BE8-651F-46F4-9EF3-C6382E0A0AE8}.Release|Any CPU.Build.0 = Release|Any CPU
		{C20C2EE5-A7DB-4319-BC06-E45E12C52A8A}.Debug|Any CPU.ActiveCfg = Debug|Any CPU
		{C20C2EE5-A7DB-4319-BC06-E45E12C52A8A}.Debug|Any CPU.Build.0 = Debug|Any CPU
		{C20C2EE5-A7DB-4319-BC06-E45E12C52A8A}.Release|Any CPU.ActiveCfg = Release|Any CPU
		{C20C2EE5-A7DB-4319-BC06-E45E12C52A8A}.Release|Any CPU.Build.0 = Release|Any CPU
	EndGlobalSection
	GlobalSection(SolutionProperties) = preSolution
		HideSolutionNode = FALSE
	EndGlobalSection
	GlobalSection(ExtensibilityGlobals) = postSolution
		SolutionGuid = {DF1AE7A5-E9D2-4FB9-8B38-CA32035957C0}
	EndGlobalSection
EndGlobal
